
Microsoft Visual Studio Solution File, Format Version 12.00
# Visual Studio Version 16
VisualStudioVersion = 16.0.30804.86
MinimumVisualStudioVersion = 10.0.40219.1
Project("{FAE04EC0-301F-11D3-BF4B-00C04F79EFBC}") = "Cloud_Launcher", "Cloud_Launcher.csproj", "{934E3827-9198-4919-92AA-DEDFA545D694}"
EndProject
Global
	GlobalSection(SolutionConfigurationPlatforms) = preSolution
		Debug|Any CPU = Debug|Any CPU
		Debug|x64 = Debug|x64
		Release|Any CPU = Release|Any CPU
		Release|x64 = Release|x64
	EndGlobalSection
	GlobalSection(ProjectConfigurationPlatforms) = postSolution
		{934E3827-9198-4919-92AA-DEDFA545D694}.Debug|Any CPU.ActiveCfg = Debug|Any CPU
		{934E3827-9198-4919-92AA-DEDFA545D694}.Debug|Any CPU.Build.0 = Debug|Any CPU
		{934E3827-9198-4919-92AA-DEDFA545D694}.Debug|x64.ActiveCfg = Debug|x64
		{934E3827-9198-4919-92AA-DEDFA545D694}.Debug|x64.Build.0 = Debug|x64
		{934E3827-9198-4919-92AA-DEDFA545D694}.Release|Any CPU.ActiveCfg = Release|Any CPU
		{934E3827-9198-4919-92AA-DEDFA545D694}.Release|Any CPU.Build.0 = Release|Any CPU
		{934E3827-9198-4919-92AA-DEDFA545D694}.Release|x64.ActiveCfg = Release|x64
		{934E3827-9198-4919-92AA-DEDFA545D694}.Release|x64.Build.0 = Release|x64
	EndGlobalSection
	GlobalSection(SolutionProperties) = preSolution
		HideSolutionNode = FALSE
	EndGlobalSection
	GlobalSection(ExtensibilityGlobals) = postSolution
		SolutionGuid = {EA13D017-37BD-41D6-8A51-7583EA38CA94}
	EndGlobalSection
EndGlobal
